
Microsoft Visual Studio Solution File, Format Version 12.00
# Visual Studio Version 17
VisualStudioVersion = 17.0.31912.275
MinimumVisualStudioVersion = 10.0.40219.1
Project("{9A19103F-16F7-4668-BE54-9A1E7A4F7556}") = "AdventOfCode.Common", "src\common\AdventOfCode.Common\AdventOfCode.Common.csproj", "{1DBCB414-C1D5-474C-A0DD-74AAC61E886F}"
EndProject
Project("{2150E333-8FDC-42A3-9474-1A3956D46DE8}") = "2021", "2021", "{D8150229-998B-4288-AD52-538DB4C5AD59}"
EndProject
Project("{2150E333-8FDC-42A3-9474-1A3956D46DE8}") = "2022", "2022", "{97345690-A0A2-483B-BA93-9C3324A36B23}"
EndProject
Project("{9A19103F-16F7-4668-BE54-9A1E7A4F7556}") = "AdventOfCode.y2021", "src\2021\AdventOfCode.y2021\AdventOfCode.y2021.csproj", "{44EEDB40-C831-40DB-8DD7-BAA8543C5D35}"
EndProject
Project("{9A19103F-16F7-4668-BE54-9A1E7A4F7556}") = "AdventOfCode.y2021.Tests", "src\2021\AdventOfCode.y2021.Tests\AdventOfCode.y2021.Tests.csproj", "{9F78D2EF-00D2-452B-B48C-D51354B5005C}"
EndProject
Project("{9A19103F-16F7-4668-BE54-9A1E7A4F7556}") = "AdventOfCode.y2022", "src\2022\AdventOfCode.y2022\AdventOfCode.y2022.csproj", "{0854E519-601C-4D15-84D8-04A02F6FBA63}"
EndProject
Project("{9A19103F-16F7-4668-BE54-9A1E7A4F7556}") = "AdventOfCode.y2022.Tests", "src\2022\AdventOfCode.y2022.Tests\AdventOfCode.y2022.Tests.csproj", "{E0B8D1FC-2047-4C6A-90F5-29FB860BA2FE}"
EndProject
Project("{2150E333-8FDC-42A3-9474-1A3956D46DE8}") = "common", "common", "{B7053FD4-E6B3-4E24-9F91-A8C7ABCF11CF}"
EndProject
Global
	GlobalSection(SolutionConfigurationPlatforms) = preSolution
		Debug|Any CPU = Debug|Any CPU
		Release|Any CPU = Release|Any CPU
	EndGlobalSection
	GlobalSection(ProjectConfigurationPlatforms) = postSolution
		{1DBCB414-C1D5-474C-A0DD-74AAC61E886F}.Debug|Any CPU.ActiveCfg = Debug|Any CPU
		{1DBCB414-C1D5-474C-A0DD-74AAC61E886F}.Debug|Any CPU.Build.0 = Debug|Any CPU
		{1DBCB414-C1D5-474C-A0DD-74AAC61E886F}.Release|Any CPU.ActiveCfg = Release|Any CPU
		{1DBCB414-C1D5-474C-A0DD-74AAC61E886F}.Release|Any CPU.Build.0 = Release|Any CPU
		{44EEDB40-C831-40DB-8DD7-BAA8543C5D35}.Debug|Any CPU.ActiveCfg = Debug|Any CPU
		{44EEDB40-C831-40DB-8DD7-BAA8543C5D35}.Debug|Any CPU.Build.0 = Debug|Any CPU
		{44EEDB40-C831-40DB-8DD7-BAA8543C5D35}.Release|Any CPU.ActiveCfg = Release|Any CPU
		{44EEDB40-C831-40DB-8DD7-BAA8543C5D35}.Release|Any CPU.Build.0 = Release|Any CPU
		{9F78D2EF-00D2-452B-B48C-D51354B5005C}.Debug|Any CPU.ActiveCfg = Debug|Any CPU
		{9F78D2EF-00D2-452B-B48C-D51354B5005C}.Debug|Any CPU.Build.0 = Debug|Any CPU
		{9F78D2EF-00D2-452B-B48C-D51354B5005C}.Release|Any CPU.ActiveCfg = Release|Any CPU
		{9F78D2EF-00D2-452B-B48C-D51354B5005C}.Release|Any CPU.Build.0 = Release|Any CPU
		{0854E519-601C-4D15-84D8-04A02F6FBA63}.Debug|Any CPU.ActiveCfg = Debug|Any CPU
		{0854E519-601C-4D15-84D8-04A02F6FBA63}.Debug|Any CPU.Build.0 = Debug|Any CPU
		{0854E519-601C-4D15-84D8-04A02F6FBA63}.Release|Any CPU.ActiveCfg = Release|Any CPU
		{0854E519-601C-4D15-84D8-04A02F6FBA63}.Release|Any CPU.Build.0 = Release|Any CPU
		{E0B8D1FC-2047-4C6A-90F5-29FB860BA2FE}.Debug|Any CPU.ActiveCfg = Debug|Any CPU
		{E0B8D1FC-2047-4C6A-90F5-29FB860BA2FE}.Debug|Any CPU.Build.0 = Debug|Any CPU
		{E0B8D1FC-2047-4C6A-90F5-29FB860BA2FE}.Release|Any CPU.ActiveCfg = Release|Any CPU
		{E0B8D1FC-2047-4C6A-90F5-29FB860BA2FE}.Release|Any CPU.Build.0 = Release|Any CPU
	EndGlobalSection
	GlobalSection(SolutionProperties) = preSolution
		HideSolutionNode = FALSE
	EndGlobalSection
	GlobalSection(NestedProjects) = preSolution
		{1DBCB414-C1D5-474C-A0DD-74AAC61E886F} = {B7053FD4-E6B3-4E24-9F91-A8C7ABCF11CF}
		{44EEDB40-C831-40DB-8DD7-BAA8543C5D35} = {D8150229-998B-4288-AD52-538DB4C5AD59}
		{9F78D2EF-00D2-452B-B48C-D51354B5005C} = {D8150229-998B-4288-AD52-538DB4C5AD59}
		{0854E519-601C-4D15-84D8-04A02F6FBA63} = {97345690-A0A2-483B-BA93-9C3324A36B23}
		{E0B8D1FC-2047-4C6A-90F5-29FB860BA2FE} = {97345690-A0A2-483B-BA93-9C3324A36B23}
	EndGlobalSection
	GlobalSection(ExtensibilityGlobals) = postSolution
		SolutionGuid = {B38652C9-34ED-428D-8B40-EF69A4F07260}
	EndGlobalSection
EndGlobal
